
Microsoft Visual Studio Solution File, Format Version 12.00
# Visual Studio Version 16
VisualStudioVersion = 16.0.30114.105
MinimumVisualStudioVersion = 10.0.40219.1
Project("{FAE04EC0-301F-11D3-BF4B-00C04F79EFBC}") = "PacmanTest", "PacmanTest\PacmanTest.csproj", "{18DF8B00-BB35-4D32-8E88-B4748CE788B8}"
EndProject
Global
	GlobalSection(SolutionConfigurationPlatforms) = preSolution
		Debug|Any CPU = Debug|Any CPU
		Release|Any CPU = Release|Any CPU
	EndGlobalSection
	GlobalSection(ProjectConfigurationPlatforms) = postSolution
		{18DF8B00-BB35-4D32-8E88-B4748CE788B8}.Debug|Any CPU.ActiveCfg = Debug|Any CPU
		{18DF8B00-BB35-4D32-8E88-B4748CE788B8}.Debug|Any CPU.Build.0 = Debug|Any CPU
		{18DF8B00-BB35-4D32-8E88-B4748CE788B8}.Release|Any CPU.ActiveCfg = Release|Any CPU
		{18DF8B00-BB35-4D32-8E88-B4748CE788B8}.Release|Any CPU.Build.0 = Release|Any CPU
	EndGlobalSection
	GlobalSection(SolutionProperties) = preSolution
		HideSolutionNode = FALSE
	EndGlobalSection
	GlobalSection(ExtensibilityGlobals) = postSolution
		SolutionGuid = {496DF33F-B132-4C32-BF84-0A0CE052BD9E}
	EndGlobalSection
EndGlobal
